// !$*UTF8*$!
{
	archiveVersion = 1;
	classes = {
	};
	objectVersion = 46;
	objects = {

/* Begin PBXBuildFile section */
		BFB8A7B31D489F4B00E02573 /* AppDelegate.swift in Sources */ = {isa = PBXBuildFile; fileRef = BFB8A7B21D489F4B00E02573 /* AppDelegate.swift */; };
		BFB8A7B81D489F4B00E02573 /* Main.storyboard in Resources */ = {isa = PBXBuildFile; fileRef = BFB8A7B61D489F4B00E02573 /* Main.storyboard */; };
		BFB8A7BB1D489F4B00E02573 /* Training89.xcdatamodeld in Sources */ = {isa = PBXBuildFile; fileRef = BFB8A7B91D489F4B00E02573 /* Training89.xcdatamodeld */; };
		BFB8A7BD1D489F4B00E02573 /* Assets.xcassets in Resources */ = {isa = PBXBuildFile; fileRef = BFB8A7BC1D489F4B00E02573 /* Assets.xcassets */; };
		BFB8A7C01D489F4B00E02573 /* LaunchScreen.storyboard in Resources */ = {isa = PBXBuildFile; fileRef = BFB8A7BE1D489F4B00E02573 /* LaunchScreen.storyboard */; };
		BFB8A7CB1D489F4B00E02573 /* Training89Tests.swift in Sources */ = {isa = PBXBuildFile; fileRef = BFB8A7CA1D489F4B00E02573 /* Training89Tests.swift */; };
		BFB8A7D61D489FA100E02573 /* SearchTableViewController.swift in Sources */ = {isa = PBXBuildFile; fileRef = BFB8A7D51D489FA100E02573 /* SearchTableViewController.swift */; };
		BFB8A7D81D489FF900E02573 /* SearchTableViewCell.swift in Sources */ = {isa = PBXBuildFile; fileRef = BFB8A7D71D489FF900E02573 /* SearchTableViewCell.swift */; };
		BFB8A7DA1D48A1E000E02573 /* Song.swift in Sources */ = {isa = PBXBuildFile; fileRef = BFB8A7D91D48A1E000E02573 /* Song.swift */; };
		BFF46C091D4CBCE70081A2AC /* NetworkManager.swift in Sources */ = {isa = PBXBuildFile; fileRef = BFF46C081D4CBCE70081A2AC /* NetworkManager.swift */; };
/* End PBXBuildFile section */

/* Begin PBXContainerItemProxy section */
		BFB8A7C71D489F4B00E02573 /* PBXContainerItemProxy */ = {
			isa = PBXContainerItemProxy;
			containerPortal = BFB8A7A71D489F4B00E02573 /* Project object */;
			proxyType = 1;
			remoteGlobalIDString = BFB8A7AE1D489F4B00E02573;
			remoteInfo = Training89;
		};
/* End PBXContainerItemProxy section */

/* Begin PBXFileReference section */
		BFB8A7AF1D489F4B00E02573 /* Training89.app */ = {isa = PBXFileReference; explicitFileType = wrapper.application; includeInIndex = 0; path = Training89.app; sourceTree = BUILT_PRODUCTS_DIR; };
		BFB8A7B21D489F4B00E02573 /* AppDelegate.swift */ = {isa = PBXFileReference; lastKnownFileType = sourcecode.swift; path = AppDelegate.swift; sourceTree = "<group>"; };
		BFB8A7B71D489F4B00E02573 /* Base */ = {isa = PBXFileReference; lastKnownFileType = file.storyboard; name = Base; path = Base.lproj/Main.storyboard; sourceTree = "<group>"; };
		BFB8A7BA1D489F4B00E02573 /* Training89.xcdatamodel */ = {isa = PBXFileReference; lastKnownFileType = wrapper.xcdatamodel; path = Training89.xcdatamodel; sourceTree = "<group>"; };
		BFB8A7BC1D489F4B00E02573 /* Assets.xcassets */ = {isa = PBXFileReference; lastKnownFileType = folder.assetcatalog; path = Assets.xcassets; sourceTree = "<group>"; };
		BFB8A7BF1D489F4B00E02573 /* Base */ = {isa = PBXFileReference; lastKnownFileType = file.storyboard; name = Base; path = Base.lproj/LaunchScreen.storyboard; sourceTree = "<group>"; };
		BFB8A7C11D489F4B00E02573 /* Info.plist */ = {isa = PBXFileReference; lastKnownFileType = text.plist.xml; path = Info.plist; sourceTree = "<group>"; };
		BFB8A7C61D489F4B00E02573 /* Training89Tests.xctest */ = {isa = PBXFileReference; explicitFileType = wrapper.cfbundle; includeInIndex = 0; path = Training89Tests.xctest; sourceTree = BUILT_PRODUCTS_DIR; };
		BFB8A7CA1D489F4B00E02573 /* Training89Tests.swift */ = {isa = PBXFileReference; lastKnownFileType = sourcecode.swift; path = Training89Tests.swift; sourceTree = "<group>"; };
		BFB8A7CC1D489F4B00E02573 /* Info.plist */ = {isa = PBXFileReference; lastKnownFileType = text.plist.xml; path = Info.plist; sourceTree = "<group>"; };
		BFB8A7D51D489FA100E02573 /* SearchTableViewController.swift */ = {isa = PBXFileReference; fileEncoding = 4; lastKnownFileType = sourcecode.swift; path = SearchTableViewController.swift; sourceTree = "<group>"; };
		BFB8A7D71D489FF900E02573 /* SearchTableViewCell.swift */ = {isa = PBXFileReference; fileEncoding = 4; lastKnownFileType = sourcecode.swift; path = SearchTableViewCell.swift; sourceTree = "<group>"; };
		BFB8A7D91D48A1E000E02573 /* Song.swift */ = {isa = PBXFileReference; fileEncoding = 4; lastKnownFileType = sourcecode.swift; path = Song.swift; sourceTree = "<group>"; };
		BFF46C081D4CBCE70081A2AC /* NetworkManager.swift */ = {isa = PBXFileReference; fileEncoding = 4; lastKnownFileType = sourcecode.swift; path = NetworkManager.swift; sourceTree = "<group>"; };
/* End PBXFileReference section */

/* Begin PBXFrameworksBuildPhase section */
		BFB8A7AC1D489F4B00E02573 /* Frameworks */ = {
			isa = PBXFrameworksBuildPhase;
			buildActionMask = 2147483647;
			files = (
			);
			runOnlyForDeploymentPostprocessing = 0;
		};
		BFB8A7C31D489F4B00E02573 /* Frameworks */ = {
			isa = PBXFrameworksBuildPhase;
			buildActionMask = 2147483647;
			files = (
			);
			runOnlyForDeploymentPostprocessing = 0;
		};
/* End PBXFrameworksBuildPhase section */

/* Begin PBXGroup section */
		BFB8A7A61D489F4B00E02573 = {
			isa = PBXGroup;
			children = (
				BFB8A7B11D489F4B00E02573 /* Training89 */,
				BFB8A7C91D489F4B00E02573 /* Training89Tests */,
				BFB8A7B01D489F4B00E02573 /* Products */,
			);
			sourceTree = "<group>";
		};
		BFB8A7B01D489F4B00E02573 /* Products */ = {
			isa = PBXGroup;
			children = (
				BFB8A7AF1D489F4B00E02573 /* Training89.app */,
				BFB8A7C61D489F4B00E02573 /* Training89Tests.xctest */,
			);
			name = Products;
			sourceTree = "<group>";
		};
		BFB8A7B11D489F4B00E02573 /* Training89 */ = {
			isa = PBXGroup;
			children = (
				BFB8A7B21D489F4B00E02573 /* AppDelegate.swift */,
				BFB8A7B61D489F4B00E02573 /* Main.storyboard */,
				BFB8A7BC1D489F4B00E02573 /* Assets.xcassets */,
				BFB8A7BE1D489F4B00E02573 /* LaunchScreen.storyboard */,
				BFB8A7C11D489F4B00E02573 /* Info.plist */,
				BFB8A7B91D489F4B00E02573 /* Training89.xcdatamodeld */,
				BFB8A7D51D489FA100E02573 /* SearchTableViewController.swift */,
				BFB8A7D71D489FF900E02573 /* SearchTableViewCell.swift */,
				BFB8A7D91D48A1E000E02573 /* Song.swift */,
				BFF46C081D4CBCE70081A2AC /* NetworkManager.swift */,
			);
			path = Training89;
			sourceTree = "<group>";
		};
		BFB8A7C91D489F4B00E02573 /* Training89Tests */ = {
			isa = PBXGroup;
			children = (
				BFB8A7CA1D489F4B00E02573 /* Training89Tests.swift */,
				BFB8A7CC1D489F4B00E02573 /* Info.plist */,
			);
			path = Training89Tests;
			sourceTree = "<group>";
		};
/* End PBXGroup section */

/* Begin PBXNativeTarget section */
		BFB8A7AE1D489F4B00E02573 /* Training89 */ = {
			isa = PBXNativeTarget;
			buildConfigurationList = BFB8A7CF1D489F4B00E02573 /* Build configuration list for PBXNativeTarget "Training89" */;
			buildPhases = (
				BFB8A7AB1D489F4B00E02573 /* Sources */,
				BFB8A7AC1D489F4B00E02573 /* Frameworks */,
				BFB8A7AD1D489F4B00E02573 /* Resources */,
			);
			buildRules = (
			);
			dependencies = (
			);
			name = Training89;
			productName = Training89;
			productReference = BFB8A7AF1D489F4B00E02573 /* Training89.app */;
			productType = "com.apple.product-type.application";
		};
		BFB8A7C51D489F4B00E02573 /* Training89Tests */ = {
			isa = PBXNativeTarget;
			buildConfigurationList = BFB8A7D21D489F4B00E02573 /* Build configuration list for PBXNativeTarget "Training89Tests" */;
			buildPhases = (
				BFB8A7C21D489F4B00E02573 /* Sources */,
				BFB8A7C31D489F4B00E02573 /* Frameworks */,
				BFB8A7C41D489F4B00E02573 /* Resources */,
			);
			buildRules = (
			);
			dependencies = (
				BFB8A7C81D489F4B00E02573 /* PBXTargetDependency */,
			);
			name = Training89Tests;
			productName = Training89Tests;
			productReference = BFB8A7C61D489F4B00E02573 /* Training89Tests.xctest */;
			productType = "com.apple.product-type.bundle.unit-test";
		};
/* End PBXNativeTarget section */

/* Begin PBXProject section */
		BFB8A7A71D489F4B00E02573 /* Project object */ = {
			isa = PBXProject;
			attributes = {
				LastSwiftUpdateCheck = 0730;
				LastUpgradeCheck = 0730;
				ORGANIZATIONNAME = "dinh trong thang";
				TargetAttributes = {
					BFB8A7AE1D489F4B00E02573 = {
						CreatedOnToolsVersion = 7.3;
					};
					BFB8A7C51D489F4B00E02573 = {
						CreatedOnToolsVersion = 7.3;
						TestTargetID = BFB8A7AE1D489F4B00E02573;
					};
				};
			};
			buildConfigurationList = BFB8A7AA1D489F4B00E02573 /* Build configuration list for PBXProject "Training89" */;
			compatibilityVersion = "Xcode 3.2";
			developmentRegion = English;
			hasScannedForEncodings = 0;
			knownRegions = (
				en,
				Base,
			);
			mainGroup = BFB8A7A61D489F4B00E02573;
			productRefGroup = BFB8A7B01D489F4B00E02573 /* Products */;
			projectDirPath = "";
			projectRoot = "";
			targets = (
				BFB8A7AE1D489F4B00E02573 /* Training89 */,
				BFB8A7C51D489F4B00E02573 /* Training89Tests */,
			);
		};
/* End PBXProject section */

/* Begin PBXResourcesBuildPhase section */
		BFB8A7AD1D489F4B00E02573 /* Resources */ = {
			isa = PBXResourcesBuildPhase;
			buildActionMask = 2147483647;
			files = (
				BFB8A7C01D489F4B00E02573 /* LaunchScreen.storyboard in Resources */,
				BFB8A7BD1D489F4B00E02573 /* Assets.xcassets in Resources */,
				BFB8A7B81D489F4B00E02573 /* Main.storyboard in Resources */,
			);
			runOnlyForDeploymentPostprocessing = 0;
		};
		BFB8A7C41D489F4B00E02573 /* Resources */ = {
			isa = PBXResourcesBuildPhase;
			buildActionMask = 2147483647;
			files = (
			);
			runOnlyForDeploymentPostprocessing = 0;
		};
/* End PBXResourcesBuildPhase section */

/* Begin PBXSourcesBuildPhase section */
		BFB8A7AB1D489F4B00E02573 /* Sources */ = {
			isa = PBXSourcesBuildPhase;
			buildActionMask = 2147483647;
			files = (
				BFF46C091D4CBCE70081A2AC /* NetworkManager.swift in Sources */,
				BFB8A7B31D489F4B00E02573 /* AppDelegate.swift in Sources */,
				BFB8A7D81D489FF900E02573 /* SearchTableViewCell.swift in Sources */,
				BFB8A7D61D489FA100E02573 /* SearchTableViewController.swift in Sources */,
				BFB8A7BB1D489F4B00E02573 /* Training89.xcdatamodeld in Sources */,
				BFB8A7DA1D48A1E000E02573 /* Song.swift in Sources */,
			);
			runOnlyForDeploymentPostprocessing = 0;
		};
		BFB8A7C21D489F4B00E02573 /* Sources */ = {
			isa = PBXSourcesBuildPhase;
			buildActionMask = 2147483647;
			files = (
				BFB8A7CB1D489F4B00E02573 /* Training89Tests.swift in Sources */,
			);
			runOnlyForDeploymentPostprocessing = 0;
		};
/* End PBXSourcesBuildPhase section */

/* Begin PBXTargetDependency section */
		BFB8A7C81D489F4B00E02573 /* PBXTargetDependency */ = {
			isa = PBXTargetDependency;
			target = BFB8A7AE1D489F4B00E02573 /* Training89 */;
			targetProxy = BFB8A7C71D489F4B00E02573 /* PBXContainerItemProxy */;
		};
/* End PBXTargetDependency section */

/* Begin PBXVariantGroup section */
		BFB8A7B61D489F4B00E02573 /* Main.storyboard */ = {
			isa = PBXVariantGroup;
			children = (
				BFB8A7B71D489F4B00E02573 /* Base */,
			);
			name = Main.storyboard;
			sourceTree = "<group>";
		};
		BFB8A7BE1D489F4B00E02573 /* LaunchScreen.storyboard */ = {
			isa = PBXVariantGroup;
			children = (
				BFB8A7BF1D489F4B00E02573 /* Base */,
			);
			name = LaunchScreen.storyboard;
			sourceTree = "<group>";
		};
/* End PBXVariantGroup section */

/* Begin XCBuildConfiguration section */
		BFB8A7CD1D489F4B00E02573 /* Debug */ = {
			isa = XCBuildConfiguration;
			buildSettings = {
				ALWAYS_SEARCH_USER_PATHS = NO;
				CLANG_ANALYZER_NONNULL = YES;
				CLANG_CXX_LANGUAGE_STANDARD = "gnu++0x";
				CLANG_CXX_LIBRARY = "libc++";
				CLANG_ENABLE_MODULES = YES;
				CLANG_ENABLE_OBJC_ARC = YES;
				CLANG_WARN_BOOL_CONVERSION = YES;
				CLANG_WARN_CONSTANT_CONVERSION = YES;
				CLANG_WARN_DIRECT_OBJC_ISA_USAGE = YES_ERROR;
				CLANG_WARN_EMPTY_BODY = YES;
				CLANG_WARN_ENUM_CONVERSION = YES;
				CLANG_WARN_INT_CONVERSION = YES;
				CLANG_WARN_OBJC_ROOT_CLASS = YES_ERROR;
				CLANG_WARN_UNREACHABLE_CODE = YES;
				CLANG_WARN__DUPLICATE_METHOD_MATCH = YES;
				"CODE_SIGN_IDENTITY[sdk=iphoneos*]" = "iPhone Developer";
				COPY_PHASE_STRIP = NO;
				DEBUG_INFORMATION_FORMAT = dwarf;
				ENABLE_STRICT_OBJC_MSGSEND = YES;
				ENABLE_TESTABILITY = YES;
				GCC_C_LANGUAGE_STANDARD = gnu99;
				GCC_DYNAMIC_NO_PIC = NO;
				GCC_NO_COMMON_BLOCKS = YES;
				GCC_OPTIMIZATION_LEVEL = 0;
				GCC_PREPROCESSOR_DEFINITIONS = (
					"DEBUG=1",
					"$(inherited)",
				);
				GCC_WARN_64_TO_32_BIT_CONVERSION = YES;
				GCC_WARN_ABOUT_RETURN_TYPE = YES_ERROR;
				GCC_WARN_UNDECLARED_SELECTOR = YES;
				GCC_WARN_UNINITIALIZED_AUTOS = YES_AGGRESSIVE;
				GCC_WARN_UNUSED_FUNCTION = YES;
				GCC_WARN_UNUSED_VARIABLE = YES;
				IPHONEOS_DEPLOYMENT_TARGET = 9.3;
				MTL_ENABLE_DEBUG_INFO = YES;
				ONLY_ACTIVE_ARCH = YES;
				SDKROOT = iphoneos;
				SWIFT_OPTIMIZATION_LEVEL = "-Onone";
			};
			name = Debug;
		};
		BFB8A7CE1D489F4B00E02573 /* Release */ = {
			isa = XCBuildConfiguration;
			buildSettings = {
				ALWAYS_SEARCH_USER_PATHS = NO;
				CLANG_ANALYZER_NONNULL = YES;
				CLANG_CXX_LANGUAGE_STANDARD = "gnu++0x";
				CLANG_CXX_LIBRARY = "libc++";
				CLANG_ENABLE_MODULES = YES;
				CLANG_ENABLE_OBJC_ARC = YES;
				CLANG_WARN_BOOL_CONVERSION = YES;
				CLANG_WARN_CONSTANT_CONVERSION = YES;
				CLANG_WARN_DIRECT_OBJC_ISA_USAGE = YES_ERROR;
				CLANG_WARN_EMPTY_BODY = YES;
				CLANG_WARN_ENUM_CONVERSION = YES;
				CLANG_WARN_INT_CONVERSION = YES;
				CLANG_WARN_OBJC_ROOT_CLASS = YES_ERROR;
				CLANG_WARN_UNREACHABLE_CODE = YES;
				CLANG_WARN__DUPLICATE_METHOD_MATCH = YES;
				"CODE_SIGN_IDENTITY[sdk=iphoneos*]" = "iPhone Developer";
				COPY_PHASE_STRIP = NO;
				DEBUG_INFORMATION_FORMAT = "dwarf-with-dsym";
				ENABLE_NS_ASSERTIONS = NO;
				ENABLE_STRICT_OBJC_MSGSEND = YES;
				GCC_C_LANGUAGE_STANDARD = gnu99;
				GCC_NO_COMMON_BLOCKS = YES;
				GCC_WARN_64_TO_32_BIT_CONVERSION = YES;
				GCC_WARN_ABOUT_RETURN_TYPE = YES_ERROR;
				GCC_WARN_UNDECLARED_SELECTOR = YES;
				GCC_WARN_UNINITIALIZED_AUTOS = YES_AGGRESSIVE;
				GCC_WARN_UNUSED_FUNCTION = YES;
				GCC_WARN_UNUSED_VARIABLE = YES;
				IPHONEOS_DEPLOYMENT_TARGET = 9.3;
				MTL_ENABLE_DEBUG_INFO = NO;
				SDKROOT = iphoneos;
				VALIDATE_PRODUCT = YES;
			};
			name = Release;
		};
		BFB8A7D01D489F4B00E02573 /* Debug */ = {
			isa = XCBuildConfiguration;
			buildSettings = {
				ASSETCATALOG_COMPILER_APPICON_NAME = AppIcon;
				INFOPLIST_FILE = Training89/Info.plist;
				IPHONEOS_DEPLOYMENT_TARGET = 9.3;
				LD_RUNPATH_SEARCH_PATHS = "$(inherited) @executable_path/Frameworks";
				PRODUCT_BUNDLE_IDENTIFIER = rikkei.Training89;
				PRODUCT_NAME = "$(TARGET_NAME)";
			};
			name = Debug;
		};
		BFB8A7D11D489F4B00E02573 /* Release */ = {
			isa = XCBuildConfiguration;
			buildSettings = {
				ASSETCATALOG_COMPILER_APPICON_NAME = AppIcon;
				INFOPLIST_FILE = Training89/Info.plist;
				IPHONEOS_DEPLOYMENT_TARGET = 9.3;
				LD_RUNPATH_SEARCH_PATHS = "$(inherited) @executable_path/Frameworks";
				PRODUCT_BUNDLE_IDENTIFIER = rikkei.Training89;
				PRODUCT_NAME = "$(TARGET_NAME)";
			};
			name = Release;
		};
		BFB8A7D31D489F4B00E02573 /* Debug */ = {
			isa = XCBuildConfiguration;
			buildSettings = {
				BUNDLE_LOADER = "$(TEST_HOST)";
				INFOPLIST_FILE = Training89Tests/Info.plist;
				LD_RUNPATH_SEARCH_PATHS = "$(inherited) @executable_path/Frameworks @loader_path/Frameworks";
				PRODUCT_BUNDLE_IDENTIFIER = rikkei.Training89Tests;
				PRODUCT_NAME = "$(TARGET_NAME)";
				TEST_HOST = "$(BUILT_PRODUCTS_DIR)/Training89.app/Training89";
			};
			name = Debug;
		};
		BFB8A7D41D489F4B00E02573 /* Release */ = {
			isa = XCBuildConfiguration;
			buildSettings = {
				BUNDLE_LOADER = "$(TEST_HOST)";
				INFOPLIST_FILE = Training89Tests/Info.plist;
				LD_RUNPATH_SEARCH_PATHS = "$(inherited) @executable_path/Frameworks @loader_path/Frameworks";
				PRODUCT_BUNDLE_IDENTIFIER = rikkei.Training89Tests;
				PRODUCT_NAME = "$(TARGET_NAME)";
				TEST_HOST = "$(BUILT_PRODUCTS_DIR)/Training89.app/Training89";
			};
			name = Release;
		};
/* End XCBuildConfiguration section */

/* Begin XCConfigurationList section */
		BFB8A7AA1D489F4B00E02573 /* Build configuration list for PBXProject "Training89" */ = {
			isa = XCConfigurationList;
			buildConfigurations = (
				BFB8A7CD1D489F4B00E02573 /* Debug */,
				BFB8A7CE1D489F4B00E02573 /* Release */,
			);
			defaultConfigurationIsVisible = 0;
			defaultConfigurationName = Release;
		};
		BFB8A7CF1D489F4B00E02573 /* Build configuration list for PBXNativeTarget "Training89" */ = {
			isa = XCConfigurationList;
			buildConfigurations = (
				BFB8A7D01D489F4B00E02573 /* Debug */,
				BFB8A7D11D489F4B00E02573 /* Release */,
			);
			defaultConfigurationIsVisible = 0;
			defaultConfigurationName = Release;
		};
		BFB8A7D21D489F4B00E02573 /* Build configuration list for PBXNativeTarget "Training89Tests" */ = {
			isa = XCConfigurationList;
			buildConfigurations = (
				BFB8A7D31D489F4B00E02573 /* Debug */,
				BFB8A7D41D489F4B00E02573 /* Release */,
			);
			defaultConfigurationIsVisible = 0;
			defaultConfigurationName = Release;
		};
/* End XCConfigurationList section */

/* Begin XCVersionGroup section */
		BFB8A7B91D489F4B00E02573 /* Training89.xcdatamodeld */ = {
			isa = XCVersionGroup;
			children = (
				BFB8A7BA1D489F4B00E02573 /* Training89.xcdatamodel */,
			);
			currentVersion = BFB8A7BA1D489F4B00E02573 /* Training89.xcdatamodel */;
			path = Training89.xcdatamodeld;
			sourceTree = "<group>";
			versionGroupType = wrapper.xcdatamodel;
		};
/* End XCVersionGroup section */
	};
	rootObject = BFB8A7A71D489F4B00E02573 /* Project object */;
}
